# This file was autogenerated by Stack.
# You should not edit this file by hand.
# For more information, please see the documentation at:
#   https://docs.haskellstack.org/en/stable/topics/lock_files

packages:
- completed:
    commit: 93d34b22a0525143f2e8c13a88dcbb27b84d6e4a
    git: https://github.com/chayleaf/shiro-chessapi-hs.git
    name: chessapi
    pantry-tree:
      sha256: 27aeb8318a939ec7e6e207febc7e4ea153afe025881905a6d739d57b567e72b4
      size: 2240
    version: 0.1.0.0
  original:
    commit: 93d34b22a0525143f2e8c13a88dcbb27b84d6e4a
    git: https://github.com/chayleaf/shiro-chessapi-hs.git
snapshots: []
