# This file was autogenerated by Stack.
# You should not edit this file by hand.
# For more information, please see the documentation at:
#   https://docs.haskellstack.org/en/stable/topics/lock_files

packages:
- completed:
    commit: 643d9d960c1ed73228d9b1b03504c01b52251a87
    git: https://github.com/chayleaf/shiro-chessapi-hs.git
    name: chessapi
    pantry-tree:
      sha256: ba914be07263adb1a5d95c3fa10d2e8bd2e94d6daffc23643dc7defff27c5377
      size: 1624
    version: 0.1.0.0
  original:
    commit: 643d9d960c1ed73228d9b1b03504c01b52251a87
    git: https://github.com/chayleaf/shiro-chessapi-hs.git
snapshots: []
